Microsoft Visual Studio Solution File, Format Version 12.00
# Visual Studio Version 18
VisualStudioVersion = 18.1.11312.151 d18.0
MinimumVisualStudioVersion = 10.0.40219.1
Project("{2150E333-8FDC-42A3-9474-1A3956D46DE8}") = "visual-studio-extension", "visual-studio-extension", "{824C5E91-E8F0-4C0B-C43F-7E4F1973B0AF}"
EndProject
Project("{FAE04EC0-301F-11D3-BF4B-00C04F79EFBC}") = "VSSync", "visual-studio-extension\VSSync\VSSync.csproj", "{D7B9C0E0-8C5D-4E4F-B8A7-0C1D2E3F4A5B}"
EndProject
Project("{FAE04EC0-301F-11D3-BF4B-00C04F79EFBC}") = "VSSync.Debug", "visual-studio-extension\VSSync.Debug\VSSync.Debug.csproj", "{A1B2C3D4-E5F6-7890-ABCD-EF1234567890}"
EndProject
Project("{9A19103F-16F7-4668-BE54-9A1E7A4F7556}") = "VSSync.DebugHelper", "visual-studio-extension\VSSync.DebugHelper\VSSync.DebugHelper.csproj", "{B2C3D4E5-F6A7-8901-BCDE-F12345678901}"
EndProject
Global
	GlobalSection(SolutionConfigurationPlatforms) = preSolution
		Debug|Any CPU = Debug|Any CPU
		Release|Any CPU = Release|Any CPU
	EndGlobalSection
	GlobalSection(ProjectConfigurationPlatforms) = postSolution
		{D7B9C0E0-8C5D-4E4F-B8A7-0C1D2E3F4A5B}.Debug|Any CPU.ActiveCfg = Debug|Any CPU
		{D7B9C0E0-8C5D-4E4F-B8A7-0C1D2E3F4A5B}.Debug|Any CPU.Build.0 = Debug|Any CPU
		{D7B9C0E0-8C5D-4E4F-B8A7-0C1D2E3F4A5B}.Release|Any CPU.ActiveCfg = Release|Any CPU
		{D7B9C0E0-8C5D-4E4F-B8A7-0C1D2E3F4A5B}.Release|Any CPU.Build.0 = Release|Any CPU
		{A1B2C3D4-E5F6-7890-ABCD-EF1234567890}.Debug|Any CPU.ActiveCfg = Debug|Any CPU
		{A1B2C3D4-E5F6-7890-ABCD-EF1234567890}.Debug|Any CPU.Build.0 = Debug|Any CPU
		{A1B2C3D4-E5F6-7890-ABCD-EF1234567890}.Release|Any CPU.ActiveCfg = Release|Any CPU
		{A1B2C3D4-E5F6-7890-ABCD-EF1234567890}.Release|Any CPU.Build.0 = Release|Any CPU
		{B2C3D4E5-F6A7-8901-BCDE-F12345678901}.Debug|Any CPU.ActiveCfg = Debug|Any CPU
		{B2C3D4E5-F6A7-8901-BCDE-F12345678901}.Debug|Any CPU.Build.0 = Debug|Any CPU
		{B2C3D4E5-F6A7-8901-BCDE-F12345678901}.Release|Any CPU.ActiveCfg = Release|Any CPU
		{B2C3D4E5-F6A7-8901-BCDE-F12345678901}.Release|Any CPU.Build.0 = Release|Any CPU
	EndGlobalSection
	GlobalSection(SolutionProperties) = preSolution
		HideSolutionNode = FALSE
	EndGlobalSection
	GlobalSection(NestedProjects) = preSolution
		{D7B9C0E0-8C5D-4E4F-B8A7-0C1D2E3F4A5B} = {824C5E91-E8F0-4C0B-C43F-7E4F1973B0AF}
		{A1B2C3D4-E5F6-7890-ABCD-EF1234567890} = {824C5E91-E8F0-4C0B-C43F-7E4F1973B0AF}
		{B2C3D4E5-F6A7-8901-BCDE-F12345678901} = {824C5E91-E8F0-4C0B-C43F-7E4F1973B0AF}
	EndGlobalSection
	GlobalSection(ExtensibilityGlobals) = postSolution
		SolutionGuid = {46398C95-B559-4EAE-9D7D-5665FFE950B8}
	EndGlobalSection
EndGlobal
